
Microsoft Visual Studio Solution File, Format Version 12.00
Project("{FAE04EC0-301F-11D3-BF4B-00C04F79EFBC}") = "ReactionGame", "ReactionGame\ReactionGame.csproj", "{62FFF2AA-318D-4686-AFEA-418C811AD11F}"
EndProject
Project("{FAE04EC0-301F-11D3-BF4B-00C04F79EFBC}") = "ReactionGame.Api", "ReactionGame.Api\ReactionGame.Api.csproj", "{065ABEFB-B6A8-4B03-B70A-2A4D32A46774}"
EndProject
Global
	GlobalSection(SolutionConfigurationPlatforms) = preSolution
		Debug|Any CPU = Debug|Any CPU
		Debug|x64 = Debug|x64
		Debug|x86 = Debug|x86
		Release|Any CPU = Release|Any CPU
		Release|x64 = Release|x64
		Release|x86 = Release|x86
	EndGlobalSection
	GlobalSection(ProjectConfigurationPlatforms) = postSolution
		{62FFF2AA-318D-4686-AFEA-418C811AD11F}.Debug|Any CPU.ActiveCfg = Debug|Any CPU
		{62FFF2AA-318D-4686-AFEA-418C811AD11F}.Debug|Any CPU.Build.0 = Debug|Any CPU
		{62FFF2AA-318D-4686-AFEA-418C811AD11F}.Debug|x64.ActiveCfg = Debug|Any CPU
		{62FFF2AA-318D-4686-AFEA-418C811AD11F}.Debug|x64.Build.0 = Debug|Any CPU
		{62FFF2AA-318D-4686-AFEA-418C811AD11F}.Debug|x86.ActiveCfg = Debug|Any CPU
		{62FFF2AA-318D-4686-AFEA-418C811AD11F}.Debug|x86.Build.0 = Debug|Any CPU
		{62FFF2AA-318D-4686-AFEA-418C811AD11F}.Release|Any CPU.ActiveCfg = Release|Any CPU
		{62FFF2AA-318D-4686-AFEA-418C811AD11F}.Release|Any CPU.Build.0 = Release|Any CPU
		{62FFF2AA-318D-4686-AFEA-418C811AD11F}.Release|x64.ActiveCfg = Release|Any CPU
		{62FFF2AA-318D-4686-AFEA-418C811AD11F}.Release|x64.Build.0 = Release|Any CPU
		{62FFF2AA-318D-4686-AFEA-418C811AD11F}.Release|x86.ActiveCfg = Release|Any CPU
		{62FFF2AA-318D-4686-AFEA-418C811AD11F}.Release|x86.Build.0 = Release|Any CPU
		{065ABEFB-B6A8-4B03-B70A-2A4D32A46774}.Debug|Any CPU.ActiveCfg = Debug|Any CPU
		{065ABEFB-B6A8-4B03-B70A-2A4D32A46774}.Debug|Any CPU.Build.0 = Debug|Any CPU
		{065ABEFB-B6A8-4B03-B70A-2A4D32A46774}.Debug|x64.ActiveCfg = Debug|Any CPU
		{065ABEFB-B6A8-4B03-B70A-2A4D32A46774}.Debug|x64.Build.0 = Debug|Any CPU
		{065ABEFB-B6A8-4B03-B70A-2A4D32A46774}.Debug|x86.ActiveCfg = Debug|Any CPU
		{065ABEFB-B6A8-4B03-B70A-2A4D32A46774}.Debug|x86.Build.0 = Debug|Any CPU
		{065ABEFB-B6A8-4B03-B70A-2A4D32A46774}.Release|Any CPU.ActiveCfg = Release|Any CPU
		{065ABEFB-B6A8-4B03-B70A-2A4D32A46774}.Release|Any CPU.Build.0 = Release|Any CPU
		{065ABEFB-B6A8-4B03-B70A-2A4D32A46774}.Release|x64.ActiveCfg = Release|Any CPU
		{065ABEFB-B6A8-4B03-B70A-2A4D32A46774}.Release|x64.Build.0 = Release|Any CPU
		{065ABEFB-B6A8-4B03-B70A-2A4D32A46774}.Release|x86.ActiveCfg = Release|Any CPU
		{065ABEFB-B6A8-4B03-B70A-2A4D32A46774}.Release|x86.Build.0 = Release|Any CPU
	EndGlobalSection
	GlobalSection(SolutionProperties) = preSolution
		HideSolutionNode = FALSE
	EndGlobalSection
EndGlobal
